
Microsoft Visual Studio Solution File, Format Version 12.00
# Visual Studio 15
VisualStudioVersion = 15.0.28307.168
MinimumVisualStudioVersion = 10.0.40219.1
Project("{888888A0-9F3D-457C-B088-3A5042F75D52}") = "Github test", "Github test\Github test.pyproj", "{321803A9-2FE7-42B4-9213-EA809CEA55C4}"
EndProject
Global
	GlobalSection(SolutionConfigurationPlatforms) = preSolution
		Debug|Any CPU = Debug|Any CPU
		Release|Any CPU = Release|Any CPU
	EndGlobalSection
	GlobalSection(ProjectConfigurationPlatforms) = postSolution
		{321803A9-2FE7-42B4-9213-EA809CEA55C4}.Debug|Any CPU.ActiveCfg = Debug|Any CPU
		{321803A9-2FE7-42B4-9213-EA809CEA55C4}.Release|Any CPU.ActiveCfg = Release|Any CPU
	EndGlobalSection
	GlobalSection(SolutionProperties) = preSolution
		HideSolutionNode = FALSE
	EndGlobalSection
	GlobalSection(ExtensibilityGlobals) = postSolution
		SolutionGuid = {20FA01D9-0AE0-4491-A4D8-BCC887A01C6F}
	EndGlobalSection
EndGlobal
